Microsoft Visual Studio Solution File, Format Version 9.00
# Visual Studio 2005
Project("{FAE04EC0-301F-11D3-BF4B-00C04F79EFBC}") = "Pocket SharpMT", "Pocket SharpMT\Pocket SharpMT.csproj", "{3B984E8C-66FA-422D-B93B-1062F844B1FC}"
EndProject
Project("{B900F1C2-3D47-4FEC-85B3-04AAF18C3634}") = "Pocket SharpMT Install", "..\VSInstall\Pocket SharpMT\Pocket SharpMT\VSPocket SharpMT.vddproj", "{1D4AA301-0F46-441C-B5B6-B542C0279638}"
EndProject
Global
	GlobalSection(TeamFoundationVersionControl) = preSolution
		SccNumberOfProjects = 3
		SccEnterpriseProvider = {4CA58AB2-18FA-4F8D-95D4-32DDF27D184C}
		SccTeamFoundationServer = https://tfs05.codeplex.com/
		SccLocalPath0 = .
		SccProjectUniqueName1 = Pocket\u0020SharpMT\\Pocket\u0020SharpMT.csproj
		SccProjectName1 = Pocket\u0020SharpMT
		SccLocalPath1 = Pocket\u0020SharpMT
		SccProjectUniqueName2 = ..\\VSInstall\\Pocket\u0020SharpMT\\Pocket\u0020SharpMT\\VSPocket\u0020SharpMT.vddproj
		SccProjectName2 = ../VSInstall/Pocket\u0020SharpMT/Pocket\u0020SharpMT
		SccLocalPath2 = ..\\VSInstall\\Pocket\u0020SharpMT\\Pocket\u0020SharpMT
	EndGlobalSection
	GlobalSection(SolutionConfigurationPlatforms) = preSolution
		Debug|Any CPU = Debug|Any CPU
		Release|Any CPU = Release|Any CPU
	EndGlobalSection
	GlobalSection(ProjectConfigurationPlatforms) = postSolution
		{3B984E8C-66FA-422D-B93B-1062F844B1FC}.Debug|Any CPU.ActiveCfg = Debug|Any CPU
		{3B984E8C-66FA-422D-B93B-1062F844B1FC}.Debug|Any CPU.Build.0 = Debug|Any CPU
		{3B984E8C-66FA-422D-B93B-1062F844B1FC}.Debug|Any CPU.Deploy.0 = Debug|Any CPU
		{3B984E8C-66FA-422D-B93B-1062F844B1FC}.Release|Any CPU.ActiveCfg = Release|Any CPU
		{3B984E8C-66FA-422D-B93B-1062F844B1FC}.Release|Any CPU.Build.0 = Release|Any CPU
		{3B984E8C-66FA-422D-B93B-1062F844B1FC}.Release|Any CPU.Deploy.0 = Release|Any CPU
		{1D4AA301-0F46-441C-B5B6-B542C0279638}.Debug|Any CPU.ActiveCfg = Debug
		{1D4AA301-0F46-441C-B5B6-B542C0279638}.Debug|Any CPU.Build.0 = Debug
		{1D4AA301-0F46-441C-B5B6-B542C0279638}.Release|Any CPU.ActiveCfg = Release
		{1D4AA301-0F46-441C-B5B6-B542C0279638}.Release|Any CPU.Build.0 = Release
	EndGlobalSection
	GlobalSection(SolutionProperties) = preSolution
		HideSolutionNode = FALSE
	EndGlobalSection
EndGlobal
